
Microsoft Visual Studio Solution File, Format Version 12.00
# Visual Studio 14
VisualStudioVersion = 14.0.25420.1
MinimumVisualStudioVersion = 10.0.40219.1
Project("{A07B5EB6-E848-4116-A8D0-A826331D98C6}") = "MatchingEngine", "MatchingEngine\MatchingEngine.sfproj", "{A3D9652B-E199-440F-9BBD-47941E674CCD}"
EndProject
Project("{FAE04EC0-301F-11D3-BF4B-00C04F79EFBC}") = "MatchingEngine.Actor", "MatchingEngine.Actor\MatchingEngine.Actor.csproj", "{7E5ACF0B-B78D-44CB-8D5E-AFB2F8E50D33}"
EndProject
Project("{FAE04EC0-301F-11D3-BF4B-00C04F79EFBC}") = "MatchingEngine.Utils", "MatchingEngine.Utils\MatchingEngine.Utils.csproj", "{F81DC784-8769-4EA6-893A-3183390469F9}"
EndProject
Project("{FAE04EC0-301F-11D3-BF4B-00C04F79EFBC}") = "MatchingEngine.DataAccess", "MatchingEngine.DataAccess\MatchingEngine.DataAccess.csproj", "{D104E6E7-A088-451C-8943-BF9E05198EA3}"
EndProject
Project("{2150E333-8FDC-42A3-9474-1A3956D46DE8}") = "Tests", "Tests", "{6B05F528-A164-4D22-A0B1-D681FD5F120C}"
EndProject
Project("{FAE04EC0-301F-11D3-BF4B-00C04F79EFBC}") = "MatchingEngine.DataAccess.Tests", "Tests\MatchingEngine.DataAccess.Tests\MatchingEngine.DataAccess.Tests.csproj", "{45EC8BA5-1D1C-4035-B46C-3DCAA1FE75CD}"
EndProject
Project("{FAE04EC0-301F-11D3-BF4B-00C04F79EFBC}") = "MatchingEngine.Actor.Tests", "Tests\MatchingEngine.Actor.Tests\MatchingEngine.Actor.Tests.csproj", "{E7F1B1FE-0706-416E-8350-EC28616DB687}"
EndProject
Project("{FAE04EC0-301F-11D3-BF4B-00C04F79EFBC}") = "MatchingEngine.BusinessService", "MatchingEngine.BusinessService\MatchingEngine.BusinessService.csproj", "{BEC2D6F8-9A2F-41FC-B437-D222B55DEEE6}"
EndProject
Global
	GlobalSection(SolutionConfigurationPlatforms) = preSolution
		Debug|Any CPU = Debug|Any CPU
		Debug|x64 = Debug|x64
		Release|Any CPU = Release|Any CPU
		Release|x64 = Release|x64
	EndGlobalSection
	GlobalSection(ProjectConfigurationPlatforms) = postSolution
		{A3D9652B-E199-440F-9BBD-47941E674CCD}.Debug|Any CPU.ActiveCfg = Debug|x64
		{A3D9652B-E199-440F-9BBD-47941E674CCD}.Debug|x64.ActiveCfg = Debug|x64
		{A3D9652B-E199-440F-9BBD-47941E674CCD}.Debug|x64.Build.0 = Debug|x64
		{A3D9652B-E199-440F-9BBD-47941E674CCD}.Debug|x64.Deploy.0 = Debug|x64
		{A3D9652B-E199-440F-9BBD-47941E674CCD}.Release|Any CPU.ActiveCfg = Release|x64
		{A3D9652B-E199-440F-9BBD-47941E674CCD}.Release|x64.ActiveCfg = Release|x64
		{A3D9652B-E199-440F-9BBD-47941E674CCD}.Release|x64.Build.0 = Release|x64
		{A3D9652B-E199-440F-9BBD-47941E674CCD}.Release|x64.Deploy.0 = Release|x64
		{7E5ACF0B-B78D-44CB-8D5E-AFB2F8E50D33}.Debug|Any CPU.ActiveCfg = Debug|x64
		{7E5ACF0B-B78D-44CB-8D5E-AFB2F8E50D33}.Debug|x64.ActiveCfg = Debug|x64
		{7E5ACF0B-B78D-44CB-8D5E-AFB2F8E50D33}.Debug|x64.Build.0 = Debug|x64
		{7E5ACF0B-B78D-44CB-8D5E-AFB2F8E50D33}.Release|Any CPU.ActiveCfg = Release|x64
		{7E5ACF0B-B78D-44CB-8D5E-AFB2F8E50D33}.Release|x64.ActiveCfg = Release|x64
		{7E5ACF0B-B78D-44CB-8D5E-AFB2F8E50D33}.Release|x64.Build.0 = Release|x64
		{F81DC784-8769-4EA6-893A-3183390469F9}.Debug|Any CPU.ActiveCfg = Debug|Any CPU
		{F81DC784-8769-4EA6-893A-3183390469F9}.Debug|Any CPU.Build.0 = Debug|Any CPU
		{F81DC784-8769-4EA6-893A-3183390469F9}.Debug|x64.ActiveCfg = Debug|Any CPU
		{F81DC784-8769-4EA6-893A-3183390469F9}.Debug|x64.Build.0 = Debug|Any CPU
		{F81DC784-8769-4EA6-893A-3183390469F9}.Release|Any CPU.ActiveCfg = Release|Any CPU
		{F81DC784-8769-4EA6-893A-3183390469F9}.Release|Any CPU.Build.0 = Release|Any CPU
		{F81DC784-8769-4EA6-893A-3183390469F9}.Release|x64.ActiveCfg = Release|Any CPU
		{F81DC784-8769-4EA6-893A-3183390469F9}.Release|x64.Build.0 = Release|Any CPU
		{D104E6E7-A088-451C-8943-BF9E05198EA3}.Debug|Any CPU.ActiveCfg = Debug|Any CPU
		{D104E6E7-A088-451C-8943-BF9E05198EA3}.Debug|Any CPU.Build.0 = Debug|Any CPU
		{D104E6E7-A088-451C-8943-BF9E05198EA3}.Debug|x64.ActiveCfg = Debug|Any CPU
		{D104E6E7-A088-451C-8943-BF9E05198EA3}.Debug|x64.Build.0 = Debug|Any CPU
		{D104E6E7-A088-451C-8943-BF9E05198EA3}.Release|Any CPU.ActiveCfg = Release|Any CPU
		{D104E6E7-A088-451C-8943-BF9E05198EA3}.Release|Any CPU.Build.0 = Release|Any CPU
		{D104E6E7-A088-451C-8943-BF9E05198EA3}.Release|x64.ActiveCfg = Release|Any CPU
		{D104E6E7-A088-451C-8943-BF9E05198EA3}.Release|x64.Build.0 = Release|Any CPU
		{45EC8BA5-1D1C-4035-B46C-3DCAA1FE75CD}.Debug|Any CPU.ActiveCfg = Debug|Any CPU
		{45EC8BA5-1D1C-4035-B46C-3DCAA1FE75CD}.Debug|Any CPU.Build.0 = Debug|Any CPU
		{45EC8BA5-1D1C-4035-B46C-3DCAA1FE75CD}.Debug|x64.ActiveCfg = Debug|Any CPU
		{45EC8BA5-1D1C-4035-B46C-3DCAA1FE75CD}.Debug|x64.Build.0 = Debug|Any CPU
		{45EC8BA5-1D1C-4035-B46C-3DCAA1FE75CD}.Release|Any CPU.ActiveCfg = Release|Any CPU
		{45EC8BA5-1D1C-4035-B46C-3DCAA1FE75CD}.Release|Any CPU.Build.0 = Release|Any CPU
		{45EC8BA5-1D1C-4035-B46C-3DCAA1FE75CD}.Release|x64.ActiveCfg = Release|Any CPU
		{45EC8BA5-1D1C-4035-B46C-3DCAA1FE75CD}.Release|x64.Build.0 = Release|Any CPU
		{E7F1B1FE-0706-416E-8350-EC28616DB687}.Debug|Any CPU.ActiveCfg = Debug|Any CPU
		{E7F1B1FE-0706-416E-8350-EC28616DB687}.Debug|Any CPU.Build.0 = Debug|Any CPU
		{E7F1B1FE-0706-416E-8350-EC28616DB687}.Debug|x64.ActiveCfg = Debug|Any CPU
		{E7F1B1FE-0706-416E-8350-EC28616DB687}.Debug|x64.Build.0 = Debug|Any CPU
		{E7F1B1FE-0706-416E-8350-EC28616DB687}.Release|Any CPU.ActiveCfg = Release|Any CPU
		{E7F1B1FE-0706-416E-8350-EC28616DB687}.Release|Any CPU.Build.0 = Release|Any CPU
		{E7F1B1FE-0706-416E-8350-EC28616DB687}.Release|x64.ActiveCfg = Release|Any CPU
		{E7F1B1FE-0706-416E-8350-EC28616DB687}.Release|x64.Build.0 = Release|Any CPU
		{BEC2D6F8-9A2F-41FC-B437-D222B55DEEE6}.Debug|Any CPU.ActiveCfg = Debug|Any CPU
		{BEC2D6F8-9A2F-41FC-B437-D222B55DEEE6}.Debug|Any CPU.Build.0 = Debug|Any CPU
		{BEC2D6F8-9A2F-41FC-B437-D222B55DEEE6}.Debug|x64.ActiveCfg = Debug|Any CPU
		{BEC2D6F8-9A2F-41FC-B437-D222B55DEEE6}.Debug|x64.Build.0 = Debug|Any CPU
		{BEC2D6F8-9A2F-41FC-B437-D222B55DEEE6}.Release|Any CPU.ActiveCfg = Release|Any CPU
		{BEC2D6F8-9A2F-41FC-B437-D222B55DEEE6}.Release|Any CPU.Build.0 = Release|Any CPU
		{BEC2D6F8-9A2F-41FC-B437-D222B55DEEE6}.Release|x64.ActiveCfg = Release|Any CPU
		{BEC2D6F8-9A2F-41FC-B437-D222B55DEEE6}.Release|x64.Build.0 = Release|Any CPU
	EndGlobalSection
	GlobalSection(SolutionProperties) = preSolution
		HideSolutionNode = FALSE
	EndGlobalSection
	GlobalSection(NestedProjects) = preSolution
		{45EC8BA5-1D1C-4035-B46C-3DCAA1FE75CD} = {6B05F528-A164-4D22-A0B1-D681FD5F120C}
		{E7F1B1FE-0706-416E-8350-EC28616DB687} = {6B05F528-A164-4D22-A0B1-D681FD5F120C}
	EndGlobalSection
EndGlobal
